// !$*UTF8*$!
{
	archiveVersion = 1;
	classes = {
	};
	objectVersion = 46;
	objects = {

/* Begin PBXBuildFile section */
		F06B5C8F1B5CDB7A00DEFA9D /* main.m in Sources */ = {isa = PBXBuildFile; fileRef = F06B5C8E1B5CDB7A00DEFA9D /* main.m */; };
		F06B5C921B5CDB7A00DEFA9D /* AppDelegate.m in Sources */ = {isa = PBXBuildFile; fileRef = F06B5C911B5CDB7A00DEFA9D /* AppDelegate.m */; };
		F06B5C9A1B5CDB7A00DEFA9D /* Images.xcassets in Resources */ = {isa = PBXBuildFile; fileRef = F06B5C991B5CDB7A00DEFA9D /* Images.xcassets */; };
		F06B5C9D1B5CDB7A00DEFA9D /* LaunchScreen.xib in Resources */ = {isa = PBXBuildFile; fileRef = F06B5C9B1B5CDB7A00DEFA9D /* LaunchScreen.xib */; };
		F06B5CA91B5CDB7B00DEFA9D /* UIAnimationTests.m in Sources */ = {isa = PBXBuildFile; fileRef = F06B5CA81B5CDB7B00DEFA9D /* UIAnimationTests.m */; };
		F06B5CB51B5CDBC500DEFA9D /* RootViewController.m in Sources */ = {isa = PBXBuildFile; fileRef = F06B5CB31B5CDBC500DEFA9D /* RootViewController.m */; };
		F06B5CB61B5CDBC500DEFA9D /* RootViewController.xib in Resources */ = {isa = PBXBuildFile; fileRef = F06B5CB41B5CDBC500DEFA9D /* RootViewController.xib */; };
/* End PBXBuildFile section */

/* Begin PBXContainerItemProxy section */
		F06B5CA31B5CDB7B00DEFA9D /* PBXContainerItemProxy */ = {
			isa = PBXContainerItemProxy;
			containerPortal = F06B5C811B5CDB7A00DEFA9D /* Project object */;
			proxyType = 1;
			remoteGlobalIDString = F06B5C881B5CDB7A00DEFA9D;
			remoteInfo = UIAnimation;
		};
/* End PBXContainerItemProxy section */

/* Begin PBXFileReference section */
		F06B5C891B5CDB7A00DEFA9D /* UIAnimation.app */ = {isa = PBXFileReference; explicitFileType = wrapper.application; includeInIndex = 0; path = UIAnimation.app; sourceTree = BUILT_PRODUCTS_DIR; };
		F06B5C8D1B5CDB7A00DEFA9D /* Info.plist */ = {isa = PBXFileReference; lastKnownFileType = text.plist.xml; path = Info.plist; sourceTree = "<group>"; };
		F06B5C8E1B5CDB7A00DEFA9D /* main.m */ = {isa = PBXFileReference; lastKnownFileType = sourcecode.c.objc; path = main.m; sourceTree = "<group>"; };
		F06B5C901B5CDB7A00DEFA9D /* AppDelegate.h */ = {isa = PBXFileReference; lastKnownFileType = sourcecode.c.h; path = AppDelegate.h; sourceTree = "<group>"; };
		F06B5C911B5CDB7A00DEFA9D /* AppDelegate.m */ = {isa = PBXFileReference; lastKnownFileType = sourcecode.c.objc; path = AppDelegate.m; sourceTree = "<group>"; };
		F06B5C991B5CDB7A00DEFA9D /* Images.xcassets */ = {isa = PBXFileReference; lastKnownFileType = folder.assetcatalog; path = Images.xcassets; sourceTree = "<group>"; };
		F06B5C9C1B5CDB7A00DEFA9D /* Base */ = {isa = PBXFileReference; lastKnownFileType = file.xib; name = Base; path = Base.lproj/LaunchScreen.xib; sourceTree = "<group>"; };
		F06B5CA21B5CDB7B00DEFA9D /* UIAnimationTests.xctest */ = {isa = PBXFileReference; explicitFileType = wrapper.cfbundle; includeInIndex = 0; path = UIAnimationTests.xctest; sourceTree = BUILT_PRODUCTS_DIR; };
		F06B5CA71B5CDB7B00DEFA9D /* Info.plist */ = {isa = PBXFileReference; lastKnownFileType = text.plist.xml; path = Info.plist; sourceTree = "<group>"; };
		F06B5CA81B5CDB7B00DEFA9D /* UIAnimationTests.m */ = {isa = PBXFileReference; lastKnownFileType = sourcecode.c.objc; path = UIAnimationTests.m; sourceTree = "<group>"; };
		F06B5CB21B5CDBC500DEFA9D /* RootViewController.h */ = {isa = PBXFileReference; fileEncoding = 4; lastKnownFileType = sourcecode.c.h; path = RootViewController.h; sourceTree = "<group>"; };
		F06B5CB31B5CDBC500DEFA9D /* RootViewController.m */ = {isa = PBXFileReference; fileEncoding = 4; lastKnownFileType = sourcecode.c.objc; path = RootViewController.m; sourceTree = "<group>"; };
		F06B5CB41B5CDBC500DEFA9D /* RootViewController.xib */ = {isa = PBXFileReference; fileEncoding = 4; lastKnownFileType = file.xib; path = RootViewController.xib; sourceTree = "<group>"; };
/* End PBXFileReference section */

/* Begin PBXFrameworksBuildPhase section */
		F06B5C861B5CDB7A00DEFA9D /* Frameworks */ = {
			isa = PBXFrameworksBuildPhase;
			buildActionMask = 2147483647;
			files = (
			);
			runOnlyForDeploymentPostprocessing = 0;
		};
		F06B5C9F1B5CDB7B00DEFA9D /* Frameworks */ = {
			isa = PBXFrameworksBuildPhase;
			buildActionMask = 2147483647;
			files = (
			);
			runOnlyForDeploymentPostprocessing = 0;
		};
/* End PBXFrameworksBuildPhase section */

/* Begin PBXGroup section */
		F06B5C801B5CDB7A00DEFA9D = {
			isa = PBXGroup;
			children = (
				F06B5C8B1B5CDB7A00DEFA9D /* UIAnimation */,
				F06B5CA51B5CDB7B00DEFA9D /* UIAnimationTests */,
				F06B5C8A1B5CDB7A00DEFA9D /* Products */,
			);
			sourceTree = "<group>";
		};
		F06B5C8A1B5CDB7A00DEFA9D /* Products */ = {
			isa = PBXGroup;
			children = (
				F06B5C891B5CDB7A00DEFA9D /* UIAnimation.app */,
				F06B5CA21B5CDB7B00DEFA9D /* UIAnimationTests.xctest */,
			);
			name = Products;
			sourceTree = "<group>";
		};
		F06B5C8B1B5CDB7A00DEFA9D /* UIAnimation */ = {
			isa = PBXGroup;
			children = (
				F06B5C901B5CDB7A00DEFA9D /* AppDelegate.h */,
				F06B5C911B5CDB7A00DEFA9D /* AppDelegate.m */,
				F06B5CB21B5CDBC500DEFA9D /* RootViewController.h */,
				F06B5CB31B5CDBC500DEFA9D /* RootViewController.m */,
				F06B5CB41B5CDBC500DEFA9D /* RootViewController.xib */,
				F06B5C991B5CDB7A00DEFA9D /* Images.xcassets */,
				F06B5C9B1B5CDB7A00DEFA9D /* LaunchScreen.xib */,
				F06B5C8C1B5CDB7A00DEFA9D /* Supporting Files */,
			);
			path = UIAnimation;
			sourceTree = "<group>";
		};
		F06B5C8C1B5CDB7A00DEFA9D /* Supporting Files */ = {
			isa = PBXGroup;
			children = (
				F06B5C8D1B5CDB7A00DEFA9D /* Info.plist */,
				F06B5C8E1B5CDB7A00DEFA9D /* main.m */,
			);
			name = "Supporting Files";
			sourceTree = "<group>";
		};
		F06B5CA51B5CDB7B00DEFA9D /* UIAnimationTests */ = {
			isa = PBXGroup;
			children = (
				F06B5CA81B5CDB7B00DEFA9D /* UIAnimationTests.m */,
				F06B5CA61B5CDB7B00DEFA9D /* Supporting Files */,
			);
			path = UIAnimationTests;
			sourceTree = "<group>";
		};
		F06B5CA61B5CDB7B00DEFA9D /* Supporting Files */ = {
			isa = PBXGroup;
			children = (
				F06B5CA71B5CDB7B00DEFA9D /* Info.plist */,
			);
			name = "Supporting Files";
			sourceTree = "<group>";
		};
/* End PBXGroup section */

/* Begin PBXNativeTarget section */
		F06B5C881B5CDB7A00DEFA9D /* UIAnimation */ = {
			isa = PBXNativeTarget;
			buildConfigurationList = F06B5CAC1B5CDB7B00DEFA9D /* Build configuration list for PBXNativeTarget "UIAnimation" */;
			buildPhases = (
				F06B5C851B5CDB7A00DEFA9D /* Sources */,
				F06B5C861B5CDB7A00DEFA9D /* Frameworks */,
				F06B5C871B5CDB7A00DEFA9D /* Resources */,
			);
			buildRules = (
			);
			dependencies = (
			);
			name = UIAnimation;
			productName = UIAnimation;
			productReference = F06B5C891B5CDB7A00DEFA9D /* UIAnimation.app */;
			productType = "com.apple.product-type.application";
		};
		F06B5CA11B5CDB7B00DEFA9D /* UIAnimationTests */ = {
			isa = PBXNativeTarget;
			buildConfigurationList = F06B5CAF1B5CDB7B00DEFA9D /* Build configuration list for PBXNativeTarget "UIAnimationTests" */;
			buildPhases = (
				F06B5C9E1B5CDB7B00DEFA9D /* Sources */,
				F06B5C9F1B5CDB7B00DEFA9D /* Frameworks */,
				F06B5CA01B5CDB7B00DEFA9D /* Resources */,
			);
			buildRules = (
			);
			dependencies = (
				F06B5CA41B5CDB7B00DEFA9D /* PBXTargetDependency */,
			);
			name = UIAnimationTests;
			productName = UIAnimationTests;
			productReference = F06B5CA21B5CDB7B00DEFA9D /* UIAnimationTests.xctest */;
			productType = "com.apple.product-type.bundle.unit-test";
		};
/* End PBXNativeTarget section */

/* Begin PBXProject section */
		F06B5C811B5CDB7A00DEFA9D /* Project object */ = {
			isa = PBXProject;
			attributes = {
				LastUpgradeCheck = 0640;
				ORGANIZATIONNAME = XcodeYang;
				TargetAttributes = {
					F06B5C881B5CDB7A00DEFA9D = {
						CreatedOnToolsVersion = 6.4;
					};
					F06B5CA11B5CDB7B00DEFA9D = {
						CreatedOnToolsVersion = 6.4;
						TestTargetID = F06B5C881B5CDB7A00DEFA9D;
					};
				};
			};
			buildConfigurationList = F06B5C841B5CDB7A00DEFA9D /* Build configuration list for PBXProject "UIAnimation" */;
			compatibilityVersion = "Xcode 3.2";
			developmentRegion = English;
			hasScannedForEncodings = 0;
			knownRegions = (
				en,
				Base,
			);
			mainGroup = F06B5C801B5CDB7A00DEFA9D;
			productRefGroup = F06B5C8A1B5CDB7A00DEFA9D /* Products */;
			projectDirPath = "";
			projectRoot = "";
			targets = (
				F06B5C881B5CDB7A00DEFA9D /* UIAnimation */,
				F06B5CA11B5CDB7B00DEFA9D /* UIAnimationTests */,
			);
		};
/* End PBXProject section */

/* Begin PBXResourcesBuildPhase section */
		F06B5C871B5CDB7A00DEFA9D /* Resources */ = {
			isa = PBXResourcesBuildPhase;
			buildActionMask = 2147483647;
			files = (
				F06B5C9D1B5CDB7A00DEFA9D /* LaunchScreen.xib in Resources */,
				F06B5C9A1B5CDB7A00DEFA9D /* Images.xcassets in Resources */,
				F06B5CB61B5CDBC500DEFA9D /* RootViewController.xib in Resources */,
			);
			runOnlyForDeploymentPostprocessing = 0;
		};
		F06B5CA01B5CDB7B00DEFA9D /* Resources */ = {
			isa = PBXResourcesBuildPhase;
			buildActionMask = 2147483647;
			files = (
			);
			runOnlyForDeploymentPostprocessing = 0;
		};
/* End PBXResourcesBuildPhase section */

/* Begin PBXSourcesBuildPhase section */
		F06B5C851B5CDB7A00DEFA9D /* Sources */ = {
			isa = PBXSourcesBuildPhase;
			buildActionMask = 2147483647;
			files = (
				F06B5C921B5CDB7A00DEFA9D /* AppDelegate.m in Sources */,
				F06B5C8F1B5CDB7A00DEFA9D /* main.m in Sources */,
				F06B5CB51B5CDBC500DEFA9D /* RootViewController.m in Sources */,
			);
			runOnlyForDeploymentPostprocessing = 0;
		};
		F06B5C9E1B5CDB7B00DEFA9D /* Sources */ = {
			isa = PBXSourcesBuildPhase;
			buildActionMask = 2147483647;
			files = (
				F06B5CA91B5CDB7B00DEFA9D /* UIAnimationTests.m in Sources */,
			);
			runOnlyForDeploymentPostprocessing = 0;
		};
/* End PBXSourcesBuildPhase section */

/* Begin PBXTargetDependency section */
		F06B5CA41B5CDB7B00DEFA9D /* PBXTargetDependency */ = {
			isa = PBXTargetDependency;
			target = F06B5C881B5CDB7A00DEFA9D /* UIAnimation */;
			targetProxy = F06B5CA31B5CDB7B00DEFA9D /* PBXContainerItemProxy */;
		};
/* End PBXTargetDependency section */

/* Begin PBXVariantGroup section */
		F06B5C9B1B5CDB7A00DEFA9D /* LaunchScreen.xib */ = {
			isa = PBXVariantGroup;
			children = (
				F06B5C9C1B5CDB7A00DEFA9D /* Base */,
			);
			name = LaunchScreen.xib;
			sourceTree = "<group>";
		};
/* End PBXVariantGroup section */

/* Begin XCBuildConfiguration section */
		F06B5CAA1B5CDB7B00DEFA9D /* Debug */ = {
			isa = XCBuildConfiguration;
			buildSettings = {
				ALWAYS_SEARCH_USER_PATHS = NO;
				CLANG_CXX_LANGUAGE_STANDARD = "gnu++0x";
				CLANG_CXX_LIBRARY = "libc++";
				CLANG_ENABLE_MODULES = YES;
				CLANG_ENABLE_OBJC_ARC = YES;
				CLANG_WARN_BOOL_CONVERSION = YES;
				CLANG_WARN_CONSTANT_CONVERSION = YES;
				CLANG_WARN_DIRECT_OBJC_ISA_USAGE = YES_ERROR;
				CLANG_WARN_EMPTY_BODY = YES;
				CLANG_WARN_ENUM_CONVERSION = YES;
				CLANG_WARN_INT_CONVERSION = YES;
				CLANG_WARN_OBJC_ROOT_CLASS = YES_ERROR;
				CLANG_WARN_UNREACHABLE_CODE = YES;
				CLANG_WARN__DUPLICATE_METHOD_MATCH = YES;
				"CODE_SIGN_IDENTITY[sdk=iphoneos*]" = "iPhone Developer";
				COPY_PHASE_STRIP = NO;
				DEBUG_INFORMATION_FORMAT = "dwarf-with-dsym";
				ENABLE_STRICT_OBJC_MSGSEND = YES;
				GCC_C_LANGUAGE_STANDARD = gnu99;
				GCC_DYNAMIC_NO_PIC = NO;
				GCC_NO_COMMON_BLOCKS = YES;
				GCC_OPTIMIZATION_LEVEL = 0;
				GCC_PREPROCESSOR_DEFINITIONS = (
					"DEBUG=1",
					"$(inherited)",
				);
				GCC_SYMBOLS_PRIVATE_EXTERN = NO;
				GCC_WARN_64_TO_32_BIT_CONVERSION = YES;
				GCC_WARN_ABOUT_RETURN_TYPE = YES_ERROR;
				GCC_WARN_UNDECLARED_SELECTOR = YES;
				GCC_WARN_UNINITIALIZED_AUTOS = YES_AGGRESSIVE;
				GCC_WARN_UNUSED_FUNCTION = YES;
				GCC_WARN_UNUSED_VARIABLE = YES;
				IPHONEOS_DEPLOYMENT_TARGET = 8.4;
				MTL_ENABLE_DEBUG_INFO = YES;
				ONLY_ACTIVE_ARCH = YES;
				SDKROOT = iphoneos;
			};
			name = Debug;
		};
		F06B5CAB1B5CDB7B00DEFA9D /* Release */ = {
			isa = XCBuildConfiguration;
			buildSettings = {
				ALWAYS_SEARCH_USER_PATHS = NO;
				CLANG_CXX_LANGUAGE_STANDARD = "gnu++0x";
				CLANG_CXX_LIBRARY = "libc++";
				CLANG_ENABLE_MODULES = YES;
				CLANG_ENABLE_OBJC_ARC = YES;
				CLANG_WARN_BOOL_CONVERSION = YES;
				CLANG_WARN_CONSTANT_CONVERSION = YES;
				CLANG_WARN_DIRECT_OBJC_ISA_USAGE = YES_ERROR;
				CLANG_WARN_EMPTY_BODY = YES;
				CLANG_WARN_ENUM_CONVERSION = YES;
				CLANG_WARN_INT_CONVERSION = YES;
				CLANG_WARN_OBJC_ROOT_CLASS = YES_ERROR;
				CLANG_WARN_UNREACHABLE_CODE = YES;
				CLANG_WARN__DUPLICATE_METHOD_MATCH = YES;
				"CODE_SIGN_IDENTITY[sdk=iphoneos*]" = "iPhone Developer";
				COPY_PHASE_STRIP = NO;
				DEBUG_INFORMATION_FORMAT = "dwarf-with-dsym";
				ENABLE_NS_ASSERTIONS = NO;
				ENABLE_STRICT_OBJC_MSGSEND = YES;
				GCC_C_LANGUAGE_STANDARD = gnu99;
				GCC_NO_COMMON_BLOCKS = YES;
				GCC_WARN_64_TO_32_BIT_CONVERSION = YES;
				GCC_WARN_ABOUT_RETURN_TYPE = YES_ERROR;
				GCC_WARN_UNDECLARED_SELECTOR = YES;
				GCC_WARN_UNINITIALIZED_AUTOS = YES_AGGRESSIVE;
				GCC_WARN_UNUSED_FUNCTION = YES;
				GCC_WARN_UNUSED_VARIABLE = YES;
				IPHONEOS_DEPLOYMENT_TARGET = 8.4;
				MTL_ENABLE_DEBUG_INFO = NO;
				SDKROOT = iphoneos;
				VALIDATE_PRODUCT = YES;
			};
			name = Release;
		};
		F06B5CAD1B5CDB7B00DEFA9D /* Debug */ = {
			isa = XCBuildConfiguration;
			buildSettings = {
				ASSETCATALOG_COMPILER_APPICON_NAME = AppIcon;
				INFOPLIST_FILE = UIAnimation/Info.plist;
				IPHONEOS_DEPLOYMENT_TARGET = 7.0;
				LD_RUNPATH_SEARCH_PATHS = "$(inherited) @executable_path/Frameworks";
				PRODUCT_NAME = "$(TARGET_NAME)";
			};
			name = Debug;
		};
		F06B5CAE1B5CDB7B00DEFA9D /* Release */ = {
			isa = XCBuildConfiguration;
			buildSettings = {
				ASSETCATALOG_COMPILER_APPICON_NAME = AppIcon;
				INFOPLIST_FILE = UIAnimation/Info.plist;
				IPHONEOS_DEPLOYMENT_TARGET = 7.0;
				LD_RUNPATH_SEARCH_PATHS = "$(inherited) @executable_path/Frameworks";
				PRODUCT_NAME = "$(TARGET_NAME)";
			};
			name = Release;
		};
		F06B5CB01B5CDB7B00DEFA9D /* Debug */ = {
			isa = XCBuildConfiguration;
			buildSettings = {
				BUNDLE_LOADER = "$(TEST_HOST)";
				FRAMEWORK_SEARCH_PATHS = (
					"$(SDKROOT)/Developer/Library/Frameworks",
					"$(inherited)",
				);
				GCC_PREPROCESSOR_DEFINITIONS = (
					"DEBUG=1",
					"$(inherited)",
				);
				INFOPLIST_FILE = UIAnimationTests/Info.plist;
				LD_RUNPATH_SEARCH_PATHS = "$(inherited) @executable_path/Frameworks @loader_path/Frameworks";
				PRODUCT_NAME = "$(TARGET_NAME)";
				TEST_HOST = "$(BUILT_PRODUCTS_DIR)/UIAnimation.app/UIAnimation";
			};
			name = Debug;
		};
		F06B5CB11B5CDB7B00DEFA9D /* Release */ = {
			isa = XCBuildConfiguration;
			buildSettings = {
				BUNDLE_LOADER = "$(TEST_HOST)";
				FRAMEWORK_SEARCH_PATHS = (
					"$(SDKROOT)/Developer/Library/Frameworks",
					"$(inherited)",
				);
				INFOPLIST_FILE = UIAnimationTests/Info.plist;
				LD_RUNPATH_SEARCH_PATHS = "$(inherited) @executable_path/Frameworks @loader_path/Frameworks";
				PRODUCT_NAME = "$(TARGET_NAME)";
				TEST_HOST = "$(BUILT_PRODUCTS_DIR)/UIAnimation.app/UIAnimation";
			};
			name = Release;
		};
/* End XCBuildConfiguration section */

/* Begin XCConfigurationList section */
		F06B5C841B5CDB7A00DEFA9D /* Build configuration list for PBXProject "UIAnimation" */ = {
			isa = XCConfigurationList;
			buildConfigurations = (
				F06B5CAA1B5CDB7B00DEFA9D /* Debug */,
				F06B5CAB1B5CDB7B00DEFA9D /* Release */,
			);
			defaultConfigurationIsVisible = 0;
			defaultConfigurationName = Release;
		};
		F06B5CAC1B5CDB7B00DEFA9D /* Build configuration list for PBXNativeTarget "UIAnimation" */ = {
			isa = XCConfigurationList;
			buildConfigurations = (
				F06B5CAD1B5CDB7B00DEFA9D /* Debug */,
				F06B5CAE1B5CDB7B00DEFA9D /* Release */,
			);
			defaultConfigurationIsVisible = 0;
		};
		F06B5CAF1B5CDB7B00DEFA9D /* Build configuration list for PBXNativeTarget "UIAnimationTests" */ = {
			isa = XCConfigurationList;
			buildConfigurations = (
				F06B5CB01B5CDB7B00DEFA9D /* Debug */,
				F06B5CB11B5CDB7B00DEFA9D /* Release */,
			);
			defaultConfigurationIsVisible = 0;
		};
/* End XCConfigurationList section */
	};
	rootObject = F06B5C811B5CDB7A00DEFA9D /* Project object */;
}
